{
  "requires": true,
  "lockfileVersion": 1,
  "dependencies": {
    "react-hook-form": {
      "version": "4.5.3",
      "resolved": "https://registry.npmjs.org/react-hook-form/-/react-hook-form-4.5.3.tgz",
      "integrity": "sha512-oQB6s3zzXbFwM8xaWEkZJZR+5KD2LwUUYTexQbpdUuFzrfs41Qg0UE3kzfzxG8shvVlzADdkYKLMXqOLWQSS/Q=="
    }
  }
}
